
Microsoft Visual Studio Solution File, Format Version 10.00
# Visual Studio 2008
Project("{8BC9CEB8-8B4A-11D0-8D11-00A0C91BC942}") = "homework2", "homework2\homework2.vcproj", "{DC0F0522-B727-4DE7-AA9B-A7AA4D4678C8}"
EndProject
Global
	GlobalSection(SolutionConfigurationPlatforms) = preSolution
		Debug|Win32 = Debug|Win32
		DebugOutputToFile|Win32 = DebugOutputToFile|Win32
		Release|Win32 = Release|Win32
	EndGlobalSection
	GlobalSection(ProjectConfigurationPlatforms) = postSolution
		{DC0F0522-B727-4DE7-AA9B-A7AA4D4678C8}.Debug|Win32.ActiveCfg = Debug|Win32
		{DC0F0522-B727-4DE7-AA9B-A7AA4D4678C8}.Debug|Win32.Build.0 = Debug|Win32
		{DC0F0522-B727-4DE7-AA9B-A7AA4D4678C8}.DebugOutputToFile|Win32.ActiveCfg = DebugOutputToFile|Win32
		{DC0F0522-B727-4DE7-AA9B-A7AA4D4678C8}.DebugOutputToFile|Win32.Build.0 = DebugOutputToFile|Win32
		{DC0F0522-B727-4DE7-AA9B-A7AA4D4678C8}.Release|Win32.ActiveCfg = Release|Win32
		{DC0F0522-B727-4DE7-AA9B-A7AA4D4678C8}.Release|Win32.Build.0 = Release|Win32
	EndGlobalSection
	GlobalSection(SolutionProperties) = preSolution
		HideSolutionNode = FALSE
	EndGlobalSection
EndGlobal
